Microsoft Visual Studio Solution File, Format Version 12.00
# Visual Studio Version 17
VisualStudioVersion = 17.5.2.0
MinimumVisualStudioVersion = 10.0.40219.1
Project("{FAE04EC0-301F-11D3-BF4B-00C04F79EFBC}") = "EstructuraDatos31012025", "EstructuraDatos31012025.csproj", "{AFEADD06-573F-F1C7-6B1D-500C51A9296F}"
EndProject
Global
	GlobalSection(SolutionConfigurationPlatforms) = preSolution
		Debug|Any CPU = Debug|Any CPU
		Release|Any CPU = Release|Any CPU
	EndGlobalSection
	GlobalSection(ProjectConfigurationPlatforms) = postSolution
		{AFEADD06-573F-F1C7-6B1D-500C51A9296F}.Debug|Any CPU.ActiveCfg = Debug|Any CPU
		{AFEADD06-573F-F1C7-6B1D-500C51A9296F}.Debug|Any CPU.Build.0 = Debug|Any CPU
		{AFEADD06-573F-F1C7-6B1D-500C51A9296F}.Release|Any CPU.ActiveCfg = Release|Any CPU
		{AFEADD06-573F-F1C7-6B1D-500C51A9296F}.Release|Any CPU.Build.0 = Release|Any CPU
	EndGlobalSection
	GlobalSection(SolutionProperties) = preSolution
		HideSolutionNode = FALSE
	EndGlobalSection
	GlobalSection(ExtensibilityGlobals) = postSolution
		SolutionGuid = {53C96688-3480-45FF-A7E3-637E28713002}
	EndGlobalSection
EndGlobal
